
Microsoft Visual Studio Solution File, Format Version 12.00
# Visual Studio 2013
VisualStudioVersion = 12.0.21005.1
MinimumVisualStudioVersion = 10.0.40219.1
Project("{FAE04EC0-301F-11D3-BF4B-00C04F79EFBC}") = "FingerTips Detection and Tracking", "FingerTips Detection and Tracking.csproj", "{A5946F15-14D2-4578-9110-C7BCC7CD1231}"
EndProject
Global
	GlobalSection(SolutionConfigurationPlatforms) = preSolution
		Debug|Any CPU = Debug|Any CPU
		Debug|x86 = Debug|x86
		Release|Any CPU = Release|Any CPU
		Release|x86 = Release|x86
	EndGlobalSection
	GlobalSection(ProjectConfigurationPlatforms) = postSolution
		{A5946F15-14D2-4578-9110-C7BCC7CD1231}.Debug|Any CPU.ActiveCfg = Debug|x64
		{A5946F15-14D2-4578-9110-C7BCC7CD1231}.Debug|Any CPU.Build.0 = Debug|x64
		{A5946F15-14D2-4578-9110-C7BCC7CD1231}.Debug|x86.ActiveCfg = Debug|x86
		{A5946F15-14D2-4578-9110-C7BCC7CD1231}.Debug|x86.Build.0 = Debug|x86
		{A5946F15-14D2-4578-9110-C7BCC7CD1231}.Release|Any CPU.ActiveCfg = Release|Any CPU
		{A5946F15-14D2-4578-9110-C7BCC7CD1231}.Release|Any CPU.Build.0 = Release|Any CPU
		{A5946F15-14D2-4578-9110-C7BCC7CD1231}.Release|x86.ActiveCfg = Release|x86
		{A5946F15-14D2-4578-9110-C7BCC7CD1231}.Release|x86.Build.0 = Release|x86
	EndGlobalSection
	GlobalSection(SolutionProperties) = preSolution
		HideSolutionNode = FALSE
	EndGlobalSection
EndGlobal
